{
    "_meta": {
        "hash": {
            "sha256": "6044cefb1f234358d58aad0eb69af683d5143aaf5a56ae6f7033ce503a559992"
        },
        "pipfile-spec": 6,
        "requires": {
            "python_version": "3.9"
        },
        "sources": [
            {
                "name": "pypi",
                "url": "https://pypi.org/simple",
                "verify_ssl": true
            }
        ]
    },
    "default": {
        "asgiref": {
            "hashes": [
                "sha256:89b2ef2247e3b562a16eef663bc0e2e703ec6468e2fa8a5cd61cd449786d4f6e",
                "sha256:9e0ce3aa93a819ba5b45120216b23878cf6e8525eb3848653452b4192b92afed"
            ],
            "markers": "python_version >= '3.7'",
            "version": "==3.7.2"
        },
        "crispy-bootstrap5": {
            "hashes": [
                "sha256:3867e320920a6ef156e94f9e0f06a80344c453e1b3bd96cd9dc0522ae9e9afb8",
                "sha256:7d1fa40c6faf472e30e85c72551a3d2c9eedbf0abfff920683315e4e6f670f2b"
            ],
            "index": "pypi",
            "markers": "python_version >= '3.8'",
            "version": "==2024.2"
        },
        "dj-database-url": {
            "hashes": [
                "sha256:04bc34b248d4c21aaa13e4ab419ae6575ef5f10f3df735ce7da97722caa356e0",
                "sha256:f2042cefe1086e539c9da39fad5ad7f61173bf79665e69bf7e4de55fa88b135f"
            ],
            "version": "==2.1.0"
        },
        "dj-email-url": {
            "hashes": [
                "sha256:55ffe3329e48f54f8a75aa36ece08f365e09d61f8a209773ef09a1d4760e699a",
                "sha256:cbd08327fbb08b104eac160fb4703f375532e4c0243eb230f5b960daee7a96db"
            ],
            "version": "==1.0.6"
        },
        "django": {
            "hashes": [
                "sha256:6e6ff3db2d8dd0c986b4eec8554c8e4f919b5c1ff62a5b4390c17aff2ed6e5c4",
                "sha256:ddc24a0a8280a0430baa37aff11f28574720af05888c62b7cfe71d219f4599d3"
            ],
            "index": "pypi",
            "markers": "python_version >= '3.8'",
            "version": "==4.2.11"
        },
        "django-cache-url": {
            "hashes": [
                "sha256:5f350759978483ab85dc0e3e17b3d53eed3394a28148f6bf0f53d11d0feb5b3c",
                "sha256:eb9fb194717524348c95cad9905b70b647452741c1d9e481fac6d2125f0ad917"
            ],
            "version": "==3.4.5"
        },
        "django-crispy-forms": {
            "hashes": [
                "sha256:4d7ec431933ad4d4b5c5a6de4a584d24613c347db9ac168723c9aaf63af4bb96",
                "sha256:d592044771412ae1bd539cc377203aa61d4eebe77fcbc07fbc8f12d3746d4f6b"
            ],
            "index": "pypi",
            "markers": "python_version >= '3.8'",
            "version": "==2.1"
        },
        "environs": {
            "extras": [
                "django"
            ],
            "hashes": [
                "sha256:069727a8f73d8ba8d033d3cd95c0da231d44f38f1da773bf076cef168d312ee8",
                "sha256:e0bcfd41c718c07a7db422f9109e490746450da38793fe4ee197f397b9343435"
            ],
            "markers": "python_version >= '3.8'",
            "version": "==11.0.0"
        },
        "marshmallow": {
            "hashes": [
                "sha256:4e65e9e0d80fc9e609574b9983cf32579f305c718afb30d7233ab818571768c3",
                "sha256:f085493f79efb0644f270a9bf2892843142d80d7174bbbd2f3713f2a589dc633"
            ],
            "markers": "python_version >= '3.8'",
            "version": "==3.21.1"
        },
        "packaging": {
            "hashes": [
                "sha256:2ddfb553fdf02fb784c234c7ba6ccc288296ceabec964ad2eae3777778130bc5",
                "sha256:eb82c5e3e56209074766e6885bb04b8c38a0c015d0a30036ebe7ece34c9989e9"
            ],
            "markers": "python_version >= '3.7'",
            "version": "==24.0"
        },
        "python-dotenv": {
            "hashes": [
                "sha256:e324ee90a023d808f1959c46bcbc04446a10ced277783dc6ee09987c37ec10ca",
                "sha256:f7b63ef50f1b690dddf550d03497b66d609393b40b564ed0d674909a68ebf16a"
            ],
            "markers": "python_version >= '3.8'",
            "version": "==1.0.1"
        },
        "sqlparse": {
            "hashes": [
                "sha256:5430a4fe2ac7d0f93e66f1efc6e1338a41884b7ddf2a350cedd20ccc4d9d28f3",
                "sha256:d446183e84b8349fa3061f0fe7f06ca94ba65b426946ffebe6e3e8295332420c"
            ],
            "markers": "python_version >= '3.5'",
            "version": "==0.4.4"
        },
        "typing-extensions": {
            "hashes": [
                "sha256:69b1a937c3a517342112fb4c6df7e72fc39a38e7891a5730ed4985b5214b5475",
                "sha256:b0abd7c89e8fb96f98db18d86106ff1d90ab692004eb746cf6eda2682f91b3cb"
            ],
            "markers": "python_version < '3.11'",
            "version": "==4.10.0"
        }
    },
    "develop": {}
}
